// !$*UTF8*$!
{
	archiveVersion = 1;
	classes = {
	};
	objectVersion = 46;
	objects = {

/* Begin PBXBuildFile section */
		F2508B211CDB687A003A84D3 /* AppDelegate.swift in Sources */ = {isa = PBXBuildFile; fileRef = F2508B201CDB687A003A84D3 /* AppDelegate.swift */; };
		F2508B231CDB687A003A84D3 /* ViewController.swift in Sources */ = {isa = PBXBuildFile; fileRef = F2508B221CDB687A003A84D3 /* ViewController.swift */; };
		F2508B261CDB687A003A84D3 /* Main.storyboard in Resources */ = {isa = PBXBuildFile; fileRef = F2508B241CDB687A003A84D3 /* Main.storyboard */; };
		F2508B281CDB687A003A84D3 /* Assets.xcassets in Resources */ = {isa = PBXBuildFile; fileRef = F2508B271CDB687A003A84D3 /* Assets.xcassets */; };
		F2508B2B1CDB687A003A84D3 /* LaunchScreen.storyboard in Resources */ = {isa = PBXBuildFile; fileRef = F2508B291CDB687A003A84D3 /* LaunchScreen.storyboard */; };
		F2508B361CDB687B003A84D3 /* sqliteTTests.swift in Sources */ = {isa = PBXBuildFile; fileRef = F2508B351CDB687B003A84D3 /* sqliteTTests.swift */; };
		F2508B411CDB687B003A84D3 /* sqliteTUITests.swift in Sources */ = {isa = PBXBuildFile; fileRef = F2508B401CDB687B003A84D3 /* sqliteTUITests.swift */; };
		F2508B4F1CDB6892003A84D3 /* libsqlite3.0.tbd in Frameworks */ = {isa = PBXBuildFile; fileRef = F2508B4E1CDB6892003A84D3 /* libsqlite3.0.tbd */; };
		F2508B551CDB69B1003A84D3 /* SQLiteDB.swift in Sources */ = {isa = PBXBuildFile; fileRef = F2508B521CDB69B1003A84D3 /* SQLiteDB.swift */; };
		F2508B561CDB69B1003A84D3 /* SQLTable.swift in Sources */ = {isa = PBXBuildFile; fileRef = F2508B531CDB69B1003A84D3 /* SQLTable.swift */; };
		F2508B571CDB69B1003A84D3 /* String-Extras.swift in Sources */ = {isa = PBXBuildFile; fileRef = F2508B541CDB69B1003A84D3 /* String-Extras.swift */; };
		F2508B591CDB69C0003A84D3 /* data.db in Resources */ = {isa = PBXBuildFile; fileRef = F2508B581CDB69C0003A84D3 /* data.db */; };
/* End PBXBuildFile section */

/* Begin PBXContainerItemProxy section */
		F2508B321CDB687B003A84D3 /* PBXContainerItemProxy */ = {
			isa = PBXContainerItemProxy;
			containerPortal = F2508B151CDB687A003A84D3 /* Project object */;
			proxyType = 1;
			remoteGlobalIDString = F2508B1C1CDB687A003A84D3;
			remoteInfo = sqliteT;
		};
		F2508B3D1CDB687B003A84D3 /* PBXContainerItemProxy */ = {
			isa = PBXContainerItemProxy;
			containerPortal = F2508B151CDB687A003A84D3 /* Project object */;
			proxyType = 1;
			remoteGlobalIDString = F2508B1C1CDB687A003A84D3;
			remoteInfo = sqliteT;
		};
/* End PBXContainerItemProxy section */

/* Begin PBXFileReference section */
		F2508B1D1CDB687A003A84D3 /* sqliteT.app */ = {isa = PBXFileReference; explicitFileType = wrapper.application; includeInIndex = 0; path = sqliteT.app; sourceTree = BUILT_PRODUCTS_DIR; };
		F2508B201CDB687A003A84D3 /* AppDelegate.swift */ = {isa = PBXFileReference; lastKnownFileType = sourcecode.swift; path = AppDelegate.swift; sourceTree = "<group>"; };
		F2508B221CDB687A003A84D3 /* ViewController.swift */ = {isa = PBXFileReference; lastKnownFileType = sourcecode.swift; path = ViewController.swift; sourceTree = "<group>"; };
		F2508B251CDB687A003A84D3 /* Base */ = {isa = PBXFileReference; lastKnownFileType = file.storyboard; name = Base; path = Base.lproj/Main.storyboard; sourceTree = "<group>"; };
		F2508B271CDB687A003A84D3 /* Assets.xcassets */ = {isa = PBXFileReference; lastKnownFileType = folder.assetcatalog; path = Assets.xcassets; sourceTree = "<group>"; };
		F2508B2A1CDB687A003A84D3 /* Base */ = {isa = PBXFileReference; lastKnownFileType = file.storyboard; name = Base; path = Base.lproj/LaunchScreen.storyboard; sourceTree = "<group>"; };
		F2508B2C1CDB687A003A84D3 /* Info.plist */ = {isa = PBXFileReference; lastKnownFileType = text.plist.xml; path = Info.plist; sourceTree = "<group>"; };
		F2508B311CDB687B003A84D3 /* sqliteTTests.xctest */ = {isa = PBXFileReference; explicitFileType = wrapper.cfbundle; includeInIndex = 0; path = sqliteTTests.xctest; sourceTree = BUILT_PRODUCTS_DIR; };
		F2508B351CDB687B003A84D3 /* sqliteTTests.swift */ = {isa = PBXFileReference; lastKnownFileType = sourcecode.swift; path = sqliteTTests.swift; sourceTree = "<group>"; };
		F2508B371CDB687B003A84D3 /* Info.plist */ = {isa = PBXFileReference; lastKnownFileType = text.plist.xml; path = Info.plist; sourceTree = "<group>"; };
		F2508B3C1CDB687B003A84D3 /* sqliteTUITests.xctest */ = {isa = PBXFileReference; explicitFileType = wrapper.cfbundle; includeInIndex = 0; path = sqliteTUITests.xctest; sourceTree = BUILT_PRODUCTS_DIR; };
		F2508B401CDB687B003A84D3 /* sqliteTUITests.swift */ = {isa = PBXFileReference; lastKnownFileType = sourcecode.swift; path = sqliteTUITests.swift; sourceTree = "<group>"; };
		F2508B421CDB687B003A84D3 /* Info.plist */ = {isa = PBXFileReference; lastKnownFileType = text.plist.xml; path = Info.plist; sourceTree = "<group>"; };
		F2508B4E1CDB6892003A84D3 /* libsqlite3.0.tbd */ = {isa = PBXFileReference; lastKnownFileType = "sourcecode.text-based-dylib-definition"; name = libsqlite3.0.tbd; path = usr/lib/libsqlite3.0.tbd; sourceTree = SDKROOT; };
		F2508B501CDB68EF003A84D3 /* Bridging-Header.h */ = {isa = PBXFileReference; lastKnownFileType = sourcecode.c.h; path = "Bridging-Header.h"; sourceTree = "<group>"; };
		F2508B521CDB69B1003A84D3 /* SQLiteDB.swift */ = {isa = PBXFileReference; fileEncoding = 4; lastKnownFileType = sourcecode.swift; name = SQLiteDB.swift; path = ../../Downloads/hangge_645/SQLiteDB/SQLiteDB.swift; sourceTree = "<group>"; };
		F2508B531CDB69B1003A84D3 /* SQLTable.swift */ = {isa = PBXFileReference; fileEncoding = 4; lastKnownFileType = sourcecode.swift; name = SQLTable.swift; path = ../../Downloads/hangge_645/SQLiteDB/SQLTable.swift; sourceTree = "<group>"; };
		F2508B541CDB69B1003A84D3 /* String-Extras.swift */ = {isa = PBXFileReference; fileEncoding = 4; lastKnownFileType = sourcecode.swift; name = "String-Extras.swift"; path = "../../Downloads/hangge_645/SQLiteDB/String-Extras.swift"; sourceTree = "<group>"; };
		F2508B581CDB69C0003A84D3 /* data.db */ = {isa = PBXFileReference; fileEncoding = 4; lastKnownFileType = text; name = data.db; path = ../../Downloads/hangge_645/data.db; sourceTree = "<group>"; };
/* End PBXFileReference section */

/* Begin PBXFrameworksBuildPhase section */
		F2508B1A1CDB687A003A84D3 /* Frameworks */ = {
			isa = PBXFrameworksBuildPhase;
			buildActionMask = 2147483647;
			files = (
				F2508B4F1CDB6892003A84D3 /* libsqlite3.0.tbd in Frameworks */,
			);
			runOnlyForDeploymentPostprocessing = 0;
		};
		F2508B2E1CDB687B003A84D3 /* Frameworks */ = {
			isa = PBXFrameworksBuildPhase;
			buildActionMask = 2147483647;
			files = (
			);
			runOnlyForDeploymentPostprocessing = 0;
		};
		F2508B391CDB687B003A84D3 /* Frameworks */ = {
			isa = PBXFrameworksBuildPhase;
			buildActionMask = 2147483647;
			files = (
			);
			runOnlyForDeploymentPostprocessing = 0;
		};
/* End PBXFrameworksBuildPhase section */

/* Begin PBXGroup section */
		F2508B141CDB687A003A84D3 = {
			isa = PBXGroup;
			children = (
				F2508B581CDB69C0003A84D3 /* data.db */,
				F2508B4E1CDB6892003A84D3 /* libsqlite3.0.tbd */,
				F2508B511CDB6974003A84D3 /* SQLiteDB */,
				F2508B1F1CDB687A003A84D3 /* sqliteT */,
				F2508B341CDB687B003A84D3 /* sqliteTTests */,
				F2508B3F1CDB687B003A84D3 /* sqliteTUITests */,
				F2508B1E1CDB687A003A84D3 /* Products */,
			);
			sourceTree = "<group>";
		};
		F2508B1E1CDB687A003A84D3 /* Products */ = {
			isa = PBXGroup;
			children = (
				F2508B1D1CDB687A003A84D3 /* sqliteT.app */,
				F2508B311CDB687B003A84D3 /* sqliteTTests.xctest */,
				F2508B3C1CDB687B003A84D3 /* sqliteTUITests.xctest */,
			);
			name = Products;
			sourceTree = "<group>";
		};
		F2508B1F1CDB687A003A84D3 /* sqliteT */ = {
			isa = PBXGroup;
			children = (
				F2508B201CDB687A003A84D3 /* AppDelegate.swift */,
				F2508B221CDB687A003A84D3 /* ViewController.swift */,
				F2508B241CDB687A003A84D3 /* Main.storyboard */,
				F2508B271CDB687A003A84D3 /* Assets.xcassets */,
				F2508B291CDB687A003A84D3 /* LaunchScreen.storyboard */,
				F2508B2C1CDB687A003A84D3 /* Info.plist */,
				F2508B501CDB68EF003A84D3 /* Bridging-Header.h */,
			);
			path = sqliteT;
			sourceTree = "<group>";
		};
		F2508B341CDB687B003A84D3 /* sqliteTTests */ = {
			isa = PBXGroup;
			children = (
				F2508B351CDB687B003A84D3 /* sqliteTTests.swift */,
				F2508B371CDB687B003A84D3 /* Info.plist */,
			);
			path = sqliteTTests;
			sourceTree = "<group>";
		};
		F2508B3F1CDB687B003A84D3 /* sqliteTUITests */ = {
			isa = PBXGroup;
			children = (
				F2508B401CDB687B003A84D3 /* sqliteTUITests.swift */,
				F2508B421CDB687B003A84D3 /* Info.plist */,
			);
			path = sqliteTUITests;
			sourceTree = "<group>";
		};
		F2508B511CDB6974003A84D3 /* SQLiteDB */ = {
			isa = PBXGroup;
			children = (
				F2508B521CDB69B1003A84D3 /* SQLiteDB.swift */,
				F2508B531CDB69B1003A84D3 /* SQLTable.swift */,
				F2508B541CDB69B1003A84D3 /* String-Extras.swift */,
			);
			name = SQLiteDB;
			sourceTree = "<group>";
		};
/* End PBXGroup section */

/* Begin PBXNativeTarget section */
		F2508B1C1CDB687A003A84D3 /* sqliteT */ = {
			isa = PBXNativeTarget;
			buildConfigurationList = F2508B451CDB687B003A84D3 /* Build configuration list for PBXNativeTarget "sqliteT" */;
			buildPhases = (
				F2508B191CDB687A003A84D3 /* Sources */,
				F2508B1A1CDB687A003A84D3 /* Frameworks */,
				F2508B1B1CDB687A003A84D3 /* Resources */,
			);
			buildRules = (
			);
			dependencies = (
			);
			name = sqliteT;
			productName = sqliteT;
			productReference = F2508B1D1CDB687A003A84D3 /* sqliteT.app */;
			productType = "com.apple.product-type.application";
		};
		F2508B301CDB687B003A84D3 /* sqliteTTests */ = {
			isa = PBXNativeTarget;
			buildConfigurationList = F2508B481CDB687B003A84D3 /* Build configuration list for PBXNativeTarget "sqliteTTests" */;
			buildPhases = (
				F2508B2D1CDB687B003A84D3 /* Sources */,
				F2508B2E1CDB687B003A84D3 /* Frameworks */,
				F2508B2F1CDB687B003A84D3 /* Resources */,
			);
			buildRules = (
			);
			dependencies = (
				F2508B331CDB687B003A84D3 /* PBXTargetDependency */,
			);
			name = sqliteTTests;
			productName = sqliteTTests;
			productReference = F2508B311CDB687B003A84D3 /* sqliteTTests.xctest */;
			productType = "com.apple.product-type.bundle.unit-test";
		};
		F2508B3B1CDB687B003A84D3 /* sqliteTUITests */ = {
			isa = PBXNativeTarget;
			buildConfigurationList = F2508B4B1CDB687B003A84D3 /* Build configuration list for PBXNativeTarget "sqliteTUITests" */;
			buildPhases = (
				F2508B381CDB687B003A84D3 /* Sources */,
				F2508B391CDB687B003A84D3 /* Frameworks */,
				F2508B3A1CDB687B003A84D3 /* Resources */,
			);
			buildRules = (
			);
			dependencies = (
				F2508B3E1CDB687B003A84D3 /* PBXTargetDependency */,
			);
			name = sqliteTUITests;
			productName = sqliteTUITests;
			productReference = F2508B3C1CDB687B003A84D3 /* sqliteTUITests.xctest */;
			productType = "com.apple.product-type.bundle.ui-testing";
		};
/* End PBXNativeTarget section */

/* Begin PBXProject section */
		F2508B151CDB687A003A84D3 /* Project object */ = {
			isa = PBXProject;
			attributes = {
				LastUpgradeCheck = 0710;
				ORGANIZATIONNAME = "杨泽奇";
				TargetAttributes = {
					F2508B1C1CDB687A003A84D3 = {
						CreatedOnToolsVersion = 7.1;
					};
					F2508B301CDB687B003A84D3 = {
						CreatedOnToolsVersion = 7.1;
						TestTargetID = F2508B1C1CDB687A003A84D3;
					};
					F2508B3B1CDB687B003A84D3 = {
						CreatedOnToolsVersion = 7.1;
						TestTargetID = F2508B1C1CDB687A003A84D3;
					};
				};
			};
			buildConfigurationList = F2508B181CDB687A003A84D3 /* Build configuration list for PBXProject "sqliteT" */;
			compatibilityVersion = "Xcode 3.2";
			developmentRegion = English;
			hasScannedForEncodings = 0;
			knownRegions = (
				en,
				Base,
			);
			mainGroup = F2508B141CDB687A003A84D3;
			productRefGroup = F2508B1E1CDB687A003A84D3 /* Products */;
			projectDirPath = "";
			projectRoot = "";
			targets = (
				F2508B1C1CDB687A003A84D3 /* sqliteT */,
				F2508B301CDB687B003A84D3 /* sqliteTTests */,
				F2508B3B1CDB687B003A84D3 /* sqliteTUITests */,
			);
		};
/* End PBXProject section */

/* Begin PBXResourcesBuildPhase section */
		F2508B1B1CDB687A003A84D3 /* Resources */ = {
			isa = PBXResourcesBuildPhase;
			buildActionMask = 2147483647;
			files = (
				F2508B2B1CDB687A003A84D3 /* LaunchScreen.storyboard in Resources */,
				F2508B591CDB69C0003A84D3 /* data.db in Resources */,
				F2508B281CDB687A003A84D3 /* Assets.xcassets in Resources */,
				F2508B261CDB687A003A84D3 /* Main.storyboard in Resources */,
			);
			runOnlyForDeploymentPostprocessing = 0;
		};
		F2508B2F1CDB687B003A84D3 /* Resources */ = {
			isa = PBXResourcesBuildPhase;
			buildActionMask = 2147483647;
			files = (
			);
			runOnlyForDeploymentPostprocessing = 0;
		};
		F2508B3A1CDB687B003A84D3 /* Resources */ = {
			isa = PBXResourcesBuildPhase;
			buildActionMask = 2147483647;
			files = (
			);
			runOnlyForDeploymentPostprocessing = 0;
		};
/* End PBXResourcesBuildPhase section */

/* Begin PBXSourcesBuildPhase section */
		F2508B191CDB687A003A84D3 /* Sources */ = {
			isa = PBXSourcesBuildPhase;
			buildActionMask = 2147483647;
			files = (
				F2508B571CDB69B1003A84D3 /* String-Extras.swift in Sources */,
				F2508B551CDB69B1003A84D3 /* SQLiteDB.swift in Sources */,
				F2508B561CDB69B1003A84D3 /* SQLTable.swift in Sources */,
				F2508B231CDB687A003A84D3 /* ViewController.swift in Sources */,
				F2508B211CDB687A003A84D3 /* AppDelegate.swift in Sources */,
			);
			runOnlyForDeploymentPostprocessing = 0;
		};
		F2508B2D1CDB687B003A84D3 /* Sources */ = {
			isa = PBXSourcesBuildPhase;
			buildActionMask = 2147483647;
			files = (
				F2508B361CDB687B003A84D3 /* sqliteTTests.swift in Sources */,
			);
			runOnlyForDeploymentPostprocessing = 0;
		};
		F2508B381CDB687B003A84D3 /* Sources */ = {
			isa = PBXSourcesBuildPhase;
			buildActionMask = 2147483647;
			files = (
				F2508B411CDB687B003A84D3 /* sqliteTUITests.swift in Sources */,
			);
			runOnlyForDeploymentPostprocessing = 0;
		};
/* End PBXSourcesBuildPhase section */

/* Begin PBXTargetDependency section */
		F2508B331CDB687B003A84D3 /* PBXTargetDependency */ = {
			isa = PBXTargetDependency;
			target = F2508B1C1CDB687A003A84D3 /* sqliteT */;
			targetProxy = F2508B321CDB687B003A84D3 /* PBXContainerItemProxy */;
		};
		F2508B3E1CDB687B003A84D3 /* PBXTargetDependency */ = {
			isa = PBXTargetDependency;
			target = F2508B1C1CDB687A003A84D3 /* sqliteT */;
			targetProxy = F2508B3D1CDB687B003A84D3 /* PBXContainerItemProxy */;
		};
/* End PBXTargetDependency section */

/* Begin PBXVariantGroup section */
		F2508B241CDB687A003A84D3 /* Main.storyboard */ = {
			isa = PBXVariantGroup;
			children = (
				F2508B251CDB687A003A84D3 /* Base */,
			);
			name = Main.storyboard;
			sourceTree = "<group>";
		};
		F2508B291CDB687A003A84D3 /* LaunchScreen.storyboard */ = {
			isa = PBXVariantGroup;
			children = (
				F2508B2A1CDB687A003A84D3 /* Base */,
			);
			name = LaunchScreen.storyboard;
			sourceTree = "<group>";
		};
/* End PBXVariantGroup section */

/* Begin XCBuildConfiguration section */
		F2508B431CDB687B003A84D3 /* Debug */ = {
			isa = XCBuildConfiguration;
			buildSettings = {
				ALWAYS_SEARCH_USER_PATHS = NO;
				CLANG_CXX_LANGUAGE_STANDARD = "gnu++0x";
				CLANG_CXX_LIBRARY = "libc++";
				CLANG_ENABLE_MODULES = YES;
				CLANG_ENABLE_OBJC_ARC = YES;
				CLANG_WARN_BOOL_CONVERSION = YES;
				CLANG_WARN_CONSTANT_CONVERSION = YES;
				CLANG_WARN_DIRECT_OBJC_ISA_USAGE = YES_ERROR;
				CLANG_WARN_EMPTY_BODY = YES;
				CLANG_WARN_ENUM_CONVERSION = YES;
				CLANG_WARN_INT_CONVERSION = YES;
				CLANG_WARN_OBJC_ROOT_CLASS = YES_ERROR;
				CLANG_WARN_UNREACHABLE_CODE = YES;
				CLANG_WARN__DUPLICATE_METHOD_MATCH = YES;
				"CODE_SIGN_IDENTITY[sdk=iphoneos*]" = "iPhone Developer";
				COPY_PHASE_STRIP = NO;
				DEBUG_INFORMATION_FORMAT = dwarf;
				ENABLE_STRICT_OBJC_MSGSEND = YES;
				ENABLE_TESTABILITY = YES;
				GCC_C_LANGUAGE_STANDARD = gnu99;
				GCC_DYNAMIC_NO_PIC = NO;
				GCC_NO_COMMON_BLOCKS = YES;
				GCC_OPTIMIZATION_LEVEL = 0;
				GCC_PREPROCESSOR_DEFINITIONS = (
					"DEBUG=1",
					"$(inherited)",
				);
				GCC_WARN_64_TO_32_BIT_CONVERSION = YES;
				GCC_WARN_ABOUT_RETURN_TYPE = YES_ERROR;
				GCC_WARN_UNDECLARED_SELECTOR = YES;
				GCC_WARN_UNINITIALIZED_AUTOS = YES_AGGRESSIVE;
				GCC_WARN_UNUSED_FUNCTION = YES;
				GCC_WARN_UNUSED_VARIABLE = YES;
				IPHONEOS_DEPLOYMENT_TARGET = 9.1;
				MTL_ENABLE_DEBUG_INFO = YES;
				ONLY_ACTIVE_ARCH = YES;
				SDKROOT = iphoneos;
				SWIFT_OPTIMIZATION_LEVEL = "-Onone";
			};
			name = Debug;
		};
		F2508B441CDB687B003A84D3 /* Release */ = {
			isa = XCBuildConfiguration;
			buildSettings = {
				ALWAYS_SEARCH_USER_PATHS = NO;
				CLANG_CXX_LANGUAGE_STANDARD = "gnu++0x";
				CLANG_CXX_LIBRARY = "libc++";
				CLANG_ENABLE_MODULES = YES;
				CLANG_ENABLE_OBJC_ARC = YES;
				CLANG_WARN_BOOL_CONVERSION = YES;
				CLANG_WARN_CONSTANT_CONVERSION = YES;
				CLANG_WARN_DIRECT_OBJC_ISA_USAGE = YES_ERROR;
				CLANG_WARN_EMPTY_BODY = YES;
				CLANG_WARN_ENUM_CONVERSION = YES;
				CLANG_WARN_INT_CONVERSION = YES;
				CLANG_WARN_OBJC_ROOT_CLASS = YES_ERROR;
				CLANG_WARN_UNREACHABLE_CODE = YES;
				CLANG_WARN__DUPLICATE_METHOD_MATCH = YES;
				"CODE_SIGN_IDENTITY[sdk=iphoneos*]" = "iPhone Developer";
				COPY_PHASE_STRIP = NO;
				DEBUG_INFORMATION_FORMAT = "dwarf-with-dsym";
				ENABLE_NS_ASSERTIONS = NO;
				ENABLE_STRICT_OBJC_MSGSEND = YES;
				GCC_C_LANGUAGE_STANDARD = gnu99;
				GCC_NO_COMMON_BLOCKS = YES;
				GCC_WARN_64_TO_32_BIT_CONVERSION = YES;
				GCC_WARN_ABOUT_RETURN_TYPE = YES_ERROR;
				GCC_WARN_UNDECLARED_SELECTOR = YES;
				GCC_WARN_UNINITIALIZED_AUTOS = YES_AGGRESSIVE;
				GCC_WARN_UNUSED_FUNCTION = YES;
				GCC_WARN_UNUSED_VARIABLE = YES;
				IPHONEOS_DEPLOYMENT_TARGET = 9.1;
				MTL_ENABLE_DEBUG_INFO = NO;
				SDKROOT = iphoneos;
				VALIDATE_PRODUCT = YES;
			};
			name = Release;
		};
		F2508B461CDB687B003A84D3 /* Debug */ = {
			isa = XCBuildConfiguration;
			buildSettings = {
				ASSETCATALOG_COMPILER_APPICON_NAME = AppIcon;
				INFOPLIST_FILE = sqliteT/Info.plist;
				LD_RUNPATH_SEARCH_PATHS = "$(inherited) @executable_path/Frameworks";
				PRODUCT_BUNDLE_IDENTIFIER = www.imnu.edu.cn.sqliteT;
				PRODUCT_NAME = "$(TARGET_NAME)";
				SWIFT_OBJC_BRIDGING_HEADER = "/Users/yangzeqi/Desktop/sqliteT/sqliteT/Bridging-Header.h";
			};
			name = Debug;
		};
		F2508B471CDB687B003A84D3 /* Release */ = {
			isa = XCBuildConfiguration;
			buildSettings = {
				ASSETCATALOG_COMPILER_APPICON_NAME = AppIcon;
				INFOPLIST_FILE = sqliteT/Info.plist;
				LD_RUNPATH_SEARCH_PATHS = "$(inherited) @executable_path/Frameworks";
				PRODUCT_BUNDLE_IDENTIFIER = www.imnu.edu.cn.sqliteT;
				PRODUCT_NAME = "$(TARGET_NAME)";
				SWIFT_OBJC_BRIDGING_HEADER = "/Users/yangzeqi/Desktop/sqliteT/sqliteT/Bridging-Header.h";
			};
			name = Release;
		};
		F2508B491CDB687B003A84D3 /* Debug */ = {
			isa = XCBuildConfiguration;
			buildSettings = {
				BUNDLE_LOADER = "$(TEST_HOST)";
				INFOPLIST_FILE = sqliteTTests/Info.plist;
				LD_RUNPATH_SEARCH_PATHS = "$(inherited) @executable_path/Frameworks @loader_path/Frameworks";
				PRODUCT_BUNDLE_IDENTIFIER = www.imnu.edu.cn.sqliteTTests;
				PRODUCT_NAME = "$(TARGET_NAME)";
				TEST_HOST = "$(BUILT_PRODUCTS_DIR)/sqliteT.app/sqliteT";
			};
			name = Debug;
		};
		F2508B4A1CDB687B003A84D3 /* Release */ = {
			isa = XCBuildConfiguration;
			buildSettings = {
				BUNDLE_LOADER = "$(TEST_HOST)";
				INFOPLIST_FILE = sqliteTTests/Info.plist;
				LD_RUNPATH_SEARCH_PATHS = "$(inherited) @executable_path/Frameworks @loader_path/Frameworks";
				PRODUCT_BUNDLE_IDENTIFIER = www.imnu.edu.cn.sqliteTTests;
				PRODUCT_NAME = "$(TARGET_NAME)";
				TEST_HOST = "$(BUILT_PRODUCTS_DIR)/sqliteT.app/sqliteT";
			};
			name = Release;
		};
		F2508B4C1CDB687B003A84D3 /* Debug */ = {
			isa = XCBuildConfiguration;
			buildSettings = {
				INFOPLIST_FILE = sqliteTUITests/Info.plist;
				LD_RUNPATH_SEARCH_PATHS = "$(inherited) @executable_path/Frameworks @loader_path/Frameworks";
				PRODUCT_BUNDLE_IDENTIFIER = www.imnu.edu.cn.sqliteTUITests;
				PRODUCT_NAME = "$(TARGET_NAME)";
				TEST_TARGET_NAME = sqliteT;
				USES_XCTRUNNER = YES;
			};
			name = Debug;
		};
		F2508B4D1CDB687B003A84D3 /* Release */ = {
			isa = XCBuildConfiguration;
			buildSettings = {
				INFOPLIST_FILE = sqliteTUITests/Info.plist;
				LD_RUNPATH_SEARCH_PATHS = "$(inherited) @executable_path/Frameworks @loader_path/Frameworks";
				PRODUCT_BUNDLE_IDENTIFIER = www.imnu.edu.cn.sqliteTUITests;
				PRODUCT_NAME = "$(TARGET_NAME)";
				TEST_TARGET_NAME = sqliteT;
				USES_XCTRUNNER = YES;
			};
			name = Release;
		};
/* End XCBuildConfiguration section */

/* Begin XCConfigurationList section */
		F2508B181CDB687A003A84D3 /* Build configuration list for PBXProject "sqliteT" */ = {
			isa = XCConfigurationList;
			buildConfigurations = (
				F2508B431CDB687B003A84D3 /* Debug */,
				F2508B441CDB687B003A84D3 /* Release */,
			);
			defaultConfigurationIsVisible = 0;
			defaultConfigurationName = Release;
		};
		F2508B451CDB687B003A84D3 /* Build configuration list for PBXNativeTarget "sqliteT" */ = {
			isa = XCConfigurationList;
			buildConfigurations = (
				F2508B461CDB687B003A84D3 /* Debug */,
				F2508B471CDB687B003A84D3 /* Release */,
			);
			defaultConfigurationIsVisible = 0;
		};
		F2508B481CDB687B003A84D3 /* Build configuration list for PBXNativeTarget "sqliteTTests" */ = {
			isa = XCConfigurationList;
			buildConfigurations = (
				F2508B491CDB687B003A84D3 /* Debug */,
				F2508B4A1CDB687B003A84D3 /* Release */,
			);
			defaultConfigurationIsVisible = 0;
		};
		F2508B4B1CDB687B003A84D3 /* Build configuration list for PBXNativeTarget "sqliteTUITests" */ = {
			isa = XCConfigurationList;
			buildConfigurations = (
				F2508B4C1CDB687B003A84D3 /* Debug */,
				F2508B4D1CDB687B003A84D3 /* Release */,
			);
			defaultConfigurationIsVisible = 0;
		};
/* End XCConfigurationList section */
	};
	rootObject = F2508B151CDB687A003A84D3 /* Project object */;
}
